Microsoft Visual Studio Solution File, Format Version 11.00
# Visual Studio 2008

Project("{E4832AB7-947A-52BC-6218-EDA5CD5BCB9D}") = "lvl1", "Assembly-CSharp-firstpass-vs.csproj", "{834AC2CB-E0DF-EBDB-6A27-DB668DC908D8}"
EndProject
Project("{E4832AB7-947A-52BC-6218-EDA5CD5BCB9D}") = "lvl1", "Assembly-CSharp-vs.csproj", "{2372389A-78D9-57F5-18F4-A48694A83DC9}"
EndProject
Project("{E4832AB7-947A-52BC-6218-EDA5CD5BCB9D}") = "lvl1", "Assembly-CSharp-Editor-vs.csproj", "{4F61E80C-5865-3899-97AD-0645730647DD}"
EndProject
Global
	GlobalSection(SolutionConfigurationPlatforms) = preSolution
		Debug|Any CPU = Debug|Any CPU
		Release|Any CPU = Release|Any CPU
	EndGlobalSection
	GlobalSection(ProjectConfigurationPlatforms) = postSolution
		{834AC2CB-E0DF-EBDB-6A27-DB668DC908D8}.Debug|Any CPU.ActiveCfg = Debug|Any CPU
		{834AC2CB-E0DF-EBDB-6A27-DB668DC908D8}.Debug|Any CPU.Build.0 = Debug|Any CPU
		{834AC2CB-E0DF-EBDB-6A27-DB668DC908D8}.Release|Any CPU.ActiveCfg = Release|Any CPU
		{834AC2CB-E0DF-EBDB-6A27-DB668DC908D8}.Release|Any CPU.Build.0 = Release|Any CPU
		{2372389A-78D9-57F5-18F4-A48694A83DC9}.Debug|Any CPU.ActiveCfg = Debug|Any CPU
		{2372389A-78D9-57F5-18F4-A48694A83DC9}.Debug|Any CPU.Build.0 = Debug|Any CPU
		{2372389A-78D9-57F5-18F4-A48694A83DC9}.Release|Any CPU.ActiveCfg = Release|Any CPU
		{2372389A-78D9-57F5-18F4-A48694A83DC9}.Release|Any CPU.Build.0 = Release|Any CPU
		{4F61E80C-5865-3899-97AD-0645730647DD}.Debug|Any CPU.ActiveCfg = Debug|Any CPU
		{4F61E80C-5865-3899-97AD-0645730647DD}.Debug|Any CPU.Build.0 = Debug|Any CPU
		{4F61E80C-5865-3899-97AD-0645730647DD}.Release|Any CPU.ActiveCfg = Release|Any CPU
		{4F61E80C-5865-3899-97AD-0645730647DD}.Release|Any CPU.Build.0 = Release|Any CPU
	EndGlobalSection
	GlobalSection(SolutionProperties) = preSolution
		HideSolutionNode = FALSE
	EndGlobalSection
																																																																																																																																																																																																																																																																																																																																																																																																																																																																						GlobalSection(MonoDevelopProperties) = preSolution
		StartupItem = Assembly-CSharp.csproj
		Policies = $0
		$0.TextStylePolicy = $1
		$1.inheritsSet = null
		$1.scope = text/x-csharp
		$0.CSharpFormattingPolicy = $2
		$2.inheritsSet = Mono
		$2.inheritsScope = text/x-csharp
		$2.scope = text/x-csharp
		$0.TextStylePolicy = $3
		$3.FileWidth = 120
		$3.TabsToSpaces = False
		$3.EolMarker = Unix
		$3.inheritsSet = VisualStudio
		$3.inheritsScope = text/plain
		$3.scope = text/plain
	EndGlobalSection

EndGlobal
